// !$*UTF8*$!
{
	archiveVersion = 1;
	classes = {
	};
	objectVersion = 50;
	objects = {

/* Begin PBXBuildFile section */
		D107EABE229AE0DB00B0BF33 /* ForecastCollectionViewCell.swift in Sources */ = {isa = PBXBuildFile; fileRef = D107EABD229AE0DB00B0BF33 /* ForecastCollectionViewCell.swift */; };
		D107EAC0229B053000B0BF33 /* Assets.xcassets in Resources */ = {isa = PBXBuildFile; fileRef = D107EABF229B053000B0BF33 /* Assets.xcassets */; };
		D1D4DC2F2289590F00D37EFE /* AppDelegate.swift in Sources */ = {isa = PBXBuildFile; fileRef = D1D4DC2E2289590F00D37EFE /* AppDelegate.swift */; };
		D1D4DC312289590F00D37EFE /* ViewController.swift in Sources */ = {isa = PBXBuildFile; fileRef = D1D4DC302289590F00D37EFE /* ViewController.swift */; };
		D1D4DC342289590F00D37EFE /* Main.storyboard in Resources */ = {isa = PBXBuildFile; fileRef = D1D4DC322289590F00D37EFE /* Main.storyboard */; };
		D1D4DC392289590F00D37EFE /* LaunchScreen.storyboard in Resources */ = {isa = PBXBuildFile; fileRef = D1D4DC372289590F00D37EFE /* LaunchScreen.storyboard */; };
		D1D4DC4222895D6B00D37EFE /* CurrentWeatherResponse.swift in Sources */ = {isa = PBXBuildFile; fileRef = D1D4DC4122895D6B00D37EFE /* CurrentWeatherResponse.swift */; };
		D1D4DC4422895E4A00D37EFE /* NumericalParameters.swift in Sources */ = {isa = PBXBuildFile; fileRef = D1D4DC4322895E4A00D37EFE /* NumericalParameters.swift */; };
		D1D4DC4622895EAB00D37EFE /* Weather.swift in Sources */ = {isa = PBXBuildFile; fileRef = D1D4DC4522895EAB00D37EFE /* Weather.swift */; };
		D1D4DC4822895EE000D37EFE /* Wind.swift in Sources */ = {isa = PBXBuildFile; fileRef = D1D4DC4722895EE000D37EFE /* Wind.swift */; };
		D1D4DC4A2289603400D37EFE /* ForecastWeatherResponse.swift in Sources */ = {isa = PBXBuildFile; fileRef = D1D4DC492289603400D37EFE /* ForecastWeatherResponse.swift */; };
		D1D4DC4C2289605400D37EFE /* ForecastBody.swift in Sources */ = {isa = PBXBuildFile; fileRef = D1D4DC4B2289605400D37EFE /* ForecastBody.swift */; };
		D1D4DC4E2289608000D37EFE /* City.swift in Sources */ = {isa = PBXBuildFile; fileRef = D1D4DC4D2289608000D37EFE /* City.swift */; };
		D1D4DC512289622900D37EFE /* OpenWeatherApi.swift in Sources */ = {isa = PBXBuildFile; fileRef = D1D4DC502289622900D37EFE /* OpenWeatherApi.swift */; };
/* End PBXBuildFile section */

/* Begin PBXFileReference section */
		D107EABD229AE0DB00B0BF33 /* ForecastCollectionViewCell.swift */ = {isa = PBXFileReference; lastKnownFileType = sourcecode.swift; path = ForecastCollectionViewCell.swift; sourceTree = "<group>"; };
		D107EABF229B053000B0BF33 /* Assets.xcassets */ = {isa = PBXFileReference; lastKnownFileType = folder.assetcatalog; name = Assets.xcassets; path = ../../../../.Trash/Assets.xcassets; sourceTree = "<group>"; };
		D1D4DC2B2289590F00D37EFE /* OwlyWeather.app */ = {isa = PBXFileReference; explicitFileType = wrapper.application; includeInIndex = 0; path = OwlyWeather.app; sourceTree = BUILT_PRODUCTS_DIR; };
		D1D4DC2E2289590F00D37EFE /* AppDelegate.swift */ = {isa = PBXFileReference; lastKnownFileType = sourcecode.swift; path = AppDelegate.swift; sourceTree = "<group>"; };
		D1D4DC302289590F00D37EFE /* ViewController.swift */ = {isa = PBXFileReference; lastKnownFileType = sourcecode.swift; path = ViewController.swift; sourceTree = "<group>"; };
		D1D4DC332289590F00D37EFE /* Base */ = {isa = PBXFileReference; lastKnownFileType = file.storyboard; name = Base; path = Base.lproj/Main.storyboard; sourceTree = "<group>"; };
		D1D4DC382289590F00D37EFE /* Base */ = {isa = PBXFileReference; lastKnownFileType = file.storyboard; name = Base; path = Base.lproj/LaunchScreen.storyboard; sourceTree = "<group>"; };
		D1D4DC3A2289590F00D37EFE /* Info.plist */ = {isa = PBXFileReference; lastKnownFileType = text.plist.xml; path = Info.plist; sourceTree = "<group>"; };
		D1D4DC4122895D6B00D37EFE /* CurrentWeatherResponse.swift */ = {isa = PBXFileReference; lastKnownFileType = sourcecode.swift; path = CurrentWeatherResponse.swift; sourceTree = "<group>"; };
		D1D4DC4322895E4A00D37EFE /* NumericalParameters.swift */ = {isa = PBXFileReference; lastKnownFileType = sourcecode.swift; path = NumericalParameters.swift; sourceTree = "<group>"; };
		D1D4DC4522895EAB00D37EFE /* Weather.swift */ = {isa = PBXFileReference; lastKnownFileType = sourcecode.swift; path = Weather.swift; sourceTree = "<group>"; };
		D1D4DC4722895EE000D37EFE /* Wind.swift */ = {isa = PBXFileReference; lastKnownFileType = sourcecode.swift; path = Wind.swift; sourceTree = "<group>"; };
		D1D4DC492289603400D37EFE /* ForecastWeatherResponse.swift */ = {isa = PBXFileReference; lastKnownFileType = sourcecode.swift; path = ForecastWeatherResponse.swift; sourceTree = "<group>"; };
		D1D4DC4B2289605400D37EFE /* ForecastBody.swift */ = {isa = PBXFileReference; lastKnownFileType = sourcecode.swift; path = ForecastBody.swift; sourceTree = "<group>"; };
		D1D4DC4D2289608000D37EFE /* City.swift */ = {isa = PBXFileReference; lastKnownFileType = sourcecode.swift; path = City.swift; sourceTree = "<group>"; };
		D1D4DC502289622900D37EFE /* OpenWeatherApi.swift */ = {isa = PBXFileReference; lastKnownFileType = sourcecode.swift; path = OpenWeatherApi.swift; sourceTree = "<group>"; };
/* End PBXFileReference section */

/* Begin PBXFrameworksBuildPhase section */
		D1D4DC282289590E00D37EFE /* Frameworks */ = {
			isa = PBXFrameworksBuildPhase;
			buildActionMask = 2147483647;
			files = (
			);
			runOnlyForDeploymentPostprocessing = 0;
		};
/* End PBXFrameworksBuildPhase section */

/* Begin PBXGroup section */
		D14B10672289723000C0C82D /* Supporting Files */ = {
			isa = PBXGroup;
			children = (
				D1D4DC372289590F00D37EFE /* LaunchScreen.storyboard */,
				D1D4DC3A2289590F00D37EFE /* Info.plist */,
			);
			path = "Supporting Files";
			sourceTree = "<group>";
		};
		D14B10682289724600C0C82D /* Resources */ = {
			isa = PBXGroup;
			children = (
				D107EABF229B053000B0BF33 /* Assets.xcassets */,
			);
			path = Resources;
			sourceTree = "<group>";
		};
		D14B10692289725500C0C82D /* Startup */ = {
			isa = PBXGroup;
			children = (
				D1D4DC2E2289590F00D37EFE /* AppDelegate.swift */,
			);
			path = Startup;
			sourceTree = "<group>";
		};
		D14B106A2289726B00C0C82D /* Home */ = {
			isa = PBXGroup;
			children = (
				D1D4DC302289590F00D37EFE /* ViewController.swift */,
				D1D4DC322289590F00D37EFE /* Main.storyboard */,
				D107EABD229AE0DB00B0BF33 /* ForecastCollectionViewCell.swift */,
			);
			path = Home;
			sourceTree = "<group>";
		};
		D1D4DC222289590E00D37EFE = {
			isa = PBXGroup;
			children = (
				D1D4DC2D2289590F00D37EFE /* OwlyWeather */,
				D1D4DC2C2289590F00D37EFE /* Products */,
			);
			sourceTree = "<group>";
		};
		D1D4DC2C2289590F00D37EFE /* Products */ = {
			isa = PBXGroup;
			children = (
				D1D4DC2B2289590F00D37EFE /* OwlyWeather.app */,
			);
			name = Products;
			sourceTree = "<group>";
		};
		D1D4DC2D2289590F00D37EFE /* OwlyWeather */ = {
			isa = PBXGroup;
			children = (
				D14B106A2289726B00C0C82D /* Home */,
				D14B10692289725500C0C82D /* Startup */,
				D14B10682289724600C0C82D /* Resources */,
				D14B10672289723000C0C82D /* Supporting Files */,
				D1D4DC4F2289620D00D37EFE /* Network */,
				D1D4DC4022895CBE00D37EFE /* Models */,
			);
			path = OwlyWeather;
			sourceTree = "<group>";
		};
		D1D4DC4022895CBE00D37EFE /* Models */ = {
			isa = PBXGroup;
			children = (
				D1D4DC4122895D6B00D37EFE /* CurrentWeatherResponse.swift */,
				D1D4DC4322895E4A00D37EFE /* NumericalParameters.swift */,
				D1D4DC4522895EAB00D37EFE /* Weather.swift */,
				D1D4DC4722895EE000D37EFE /* Wind.swift */,
				D1D4DC492289603400D37EFE /* ForecastWeatherResponse.swift */,
				D1D4DC4B2289605400D37EFE /* ForecastBody.swift */,
				D1D4DC4D2289608000D37EFE /* City.swift */,
			);
			path = Models;
			sourceTree = "<group>";
		};
		D1D4DC4F2289620D00D37EFE /* Network */ = {
			isa = PBXGroup;
			children = (
				D1D4DC502289622900D37EFE /* OpenWeatherApi.swift */,
			);
			path = Network;
			sourceTree = "<group>";
		};
/* End PBXGroup section */

/* Begin PBXNativeTarget section */
		D1D4DC2A2289590E00D37EFE /* OwlyWeather */ = {
			isa = PBXNativeTarget;
			buildConfigurationList = D1D4DC3D2289590F00D37EFE /* Build configuration list for PBXNativeTarget "OwlyWeather" */;
			buildPhases = (
				D1D4DC272289590E00D37EFE /* Sources */,
				D1D4DC282289590E00D37EFE /* Frameworks */,
				D1D4DC292289590E00D37EFE /* Resources */,
			);
			buildRules = (
			);
			dependencies = (
			);
			name = OwlyWeather;
			productName = OwlyWeather;
			productReference = D1D4DC2B2289590F00D37EFE /* OwlyWeather.app */;
			productType = "com.apple.product-type.application";
		};
/* End PBXNativeTarget section */

/* Begin PBXProject section */
		D1D4DC232289590E00D37EFE /* Project object */ = {
			isa = PBXProject;
			attributes = {
				LastSwiftUpdateCheck = 1020;
				LastUpgradeCheck = 1020;
				ORGANIZATIONNAME = Korostenskyi;
				TargetAttributes = {
					D1D4DC2A2289590E00D37EFE = {
						CreatedOnToolsVersion = 10.2.1;
					};
				};
			};
			buildConfigurationList = D1D4DC262289590E00D37EFE /* Build configuration list for PBXProject "OwlyWeather" */;
			compatibilityVersion = "Xcode 9.3";
			developmentRegion = en;
			hasScannedForEncodings = 0;
			knownRegions = (
				en,
				Base,
			);
			mainGroup = D1D4DC222289590E00D37EFE;
			productRefGroup = D1D4DC2C2289590F00D37EFE /* Products */;
			projectDirPath = "";
			projectRoot = "";
			targets = (
				D1D4DC2A2289590E00D37EFE /* OwlyWeather */,
			);
		};
/* End PBXProject section */

/* Begin PBXResourcesBuildPhase section */
		D1D4DC292289590E00D37EFE /* Resources */ = {
			isa = PBXResourcesBuildPhase;
			buildActionMask = 2147483647;
			files = (
				D1D4DC392289590F00D37EFE /* LaunchScreen.storyboard in Resources */,
				D107EAC0229B053000B0BF33 /* Assets.xcassets in Resources */,
				D1D4DC342289590F00D37EFE /* Main.storyboard in Resources */,
			);
			runOnlyForDeploymentPostprocessing = 0;
		};
/* End PBXResourcesBuildPhase section */

/* Begin PBXSourcesBuildPhase section */
		D1D4DC272289590E00D37EFE /* Sources */ = {
			isa = PBXSourcesBuildPhase;
			buildActionMask = 2147483647;
			files = (
				D1D4DC4422895E4A00D37EFE /* NumericalParameters.swift in Sources */,
				D1D4DC4222895D6B00D37EFE /* CurrentWeatherResponse.swift in Sources */,
				D1D4DC4E2289608000D37EFE /* City.swift in Sources */,
				D1D4DC512289622900D37EFE /* OpenWeatherApi.swift in Sources */,
				D107EABE229AE0DB00B0BF33 /* ForecastCollectionViewCell.swift in Sources */,
				D1D4DC4C2289605400D37EFE /* ForecastBody.swift in Sources */,
				D1D4DC312289590F00D37EFE /* ViewController.swift in Sources */,
				D1D4DC4A2289603400D37EFE /* ForecastWeatherResponse.swift in Sources */,
				D1D4DC2F2289590F00D37EFE /* AppDelegate.swift in Sources */,
				D1D4DC4622895EAB00D37EFE /* Weather.swift in Sources */,
				D1D4DC4822895EE000D37EFE /* Wind.swift in Sources */,
			);
			runOnlyForDeploymentPostprocessing = 0;
		};
/* End PBXSourcesBuildPhase section */

/* Begin PBXVariantGroup section */
		D1D4DC322289590F00D37EFE /* Main.storyboard */ = {
			isa = PBXVariantGroup;
			children = (
				D1D4DC332289590F00D37EFE /* Base */,
			);
			name = Main.storyboard;
			sourceTree = "<group>";
		};
		D1D4DC372289590F00D37EFE /* LaunchScreen.storyboard */ = {
			isa = PBXVariantGroup;
			children = (
				D1D4DC382289590F00D37EFE /* Base */,
			);
			name = LaunchScreen.storyboard;
			sourceTree = "<group>";
		};
/* End PBXVariantGroup section */

/* Begin XCBuildConfiguration section */
		D1D4DC3B2289590F00D37EFE /* Debug */ = {
			isa = XCBuildConfiguration;
			buildSettings = {
				ALWAYS_SEARCH_USER_PATHS = NO;
				CLANG_ANALYZER_NONNULL = YES;
				CLANG_ANALYZER_NUMBER_OBJECT_CONVERSION = YES_AGGRESSIVE;
				CLANG_CXX_LANGUAGE_STANDARD = "gnu++14";
				CLANG_CXX_LIBRARY = "libc++";
				CLANG_ENABLE_MODULES = YES;
				CLANG_ENABLE_OBJC_ARC = YES;
				CLANG_ENABLE_OBJC_WEAK = YES;
				CLANG_WARN_BLOCK_CAPTURE_AUTORELEASING = YES;
				CLANG_WARN_BOOL_CONVERSION = YES;
				CLANG_WARN_COMMA = YES;
				CLANG_WARN_CONSTANT_CONVERSION = YES;
				CLANG_WARN_DEPRECATED_OBJC_IMPLEMENTATIONS = YES;
				CLANG_WARN_DIRECT_OBJC_ISA_USAGE = YES_ERROR;
				CLANG_WARN_DOCUMENTATION_COMMENTS = YES;
				CLANG_WARN_EMPTY_BODY = YES;
				CLANG_WARN_ENUM_CONVERSION = YES;
				CLANG_WARN_INFINITE_RECURSION = YES;
				CLANG_WARN_INT_CONVERSION = YES;
				CLANG_WARN_NON_LITERAL_NULL_CONVERSION = YES;
				CLANG_WARN_OBJC_IMPLICIT_RETAIN_SELF = YES;
				CLANG_WARN_OBJC_LITERAL_CONVERSION = YES;
				CLANG_WARN_OBJC_ROOT_CLASS = YES_ERROR;
				CLANG_WARN_RANGE_LOOP_ANALYSIS = YES;
				CLANG_WARN_STRICT_PROTOTYPES = YES;
				CLANG_WARN_SUSPICIOUS_MOVE = YES;
				CLANG_WARN_UNGUARDED_AVAILABILITY = YES_AGGRESSIVE;
				CLANG_WARN_UNREACHABLE_CODE = YES;
				CLANG_WARN__DUPLICATE_METHOD_MATCH = YES;
				CODE_SIGN_IDENTITY = "iPhone Developer";
				COPY_PHASE_STRIP = NO;
				DEBUG_INFORMATION_FORMAT = dwarf;
				ENABLE_STRICT_OBJC_MSGSEND = YES;
				ENABLE_TESTABILITY = YES;
				GCC_C_LANGUAGE_STANDARD = gnu11;
				GCC_DYNAMIC_NO_PIC = NO;
				GCC_NO_COMMON_BLOCKS = YES;
				GCC_OPTIMIZATION_LEVEL = 0;
				GCC_PREPROCESSOR_DEFINITIONS = (
					"DEBUG=1",
					"$(inherited)",
				);
				GCC_WARN_64_TO_32_BIT_CONVERSION = YES;
				GCC_WARN_ABOUT_RETURN_TYPE = YES_ERROR;
				GCC_WARN_UNDECLARED_SELECTOR = YES;
				GCC_WARN_UNINITIALIZED_AUTOS = YES_AGGRESSIVE;
				GCC_WARN_UNUSED_FUNCTION = YES;
				GCC_WARN_UNUSED_VARIABLE = YES;
				IPHONEOS_DEPLOYMENT_TARGET = 12.2;
				MTL_ENABLE_DEBUG_INFO = INCLUDE_SOURCE;
				MTL_FAST_MATH = YES;
				ONLY_ACTIVE_ARCH = YES;
				SDKROOT = iphoneos;
				SWIFT_ACTIVE_COMPILATION_CONDITIONS = DEBUG;
				SWIFT_OPTIMIZATION_LEVEL = "-Onone";
			};
			name = Debug;
		};
		D1D4DC3C2289590F00D37EFE /* Release */ = {
			isa = XCBuildConfiguration;
			buildSettings = {
				ALWAYS_SEARCH_USER_PATHS = NO;
				CLANG_ANALYZER_NONNULL = YES;
				CLANG_ANALYZER_NUMBER_OBJECT_CONVERSION = YES_AGGRESSIVE;
				CLANG_CXX_LANGUAGE_STANDARD = "gnu++14";
				CLANG_CXX_LIBRARY = "libc++";
				CLANG_ENABLE_MODULES = YES;
				CLANG_ENABLE_OBJC_ARC = YES;
				CLANG_ENABLE_OBJC_WEAK = YES;
				CLANG_WARN_BLOCK_CAPTURE_AUTORELEASING = YES;
				CLANG_WARN_BOOL_CONVERSION = YES;
				CLANG_WARN_COMMA = YES;
				CLANG_WARN_CONSTANT_CONVERSION = YES;
				CLANG_WARN_DEPRECATED_OBJC_IMPLEMENTATIONS = YES;
				CLANG_WARN_DIRECT_OBJC_ISA_USAGE = YES_ERROR;
				CLANG_WARN_DOCUMENTATION_COMMENTS = YES;
				CLANG_WARN_EMPTY_BODY = YES;
				CLANG_WARN_ENUM_CONVERSION = YES;
				CLANG_WARN_INFINITE_RECURSION = YES;
				CLANG_WARN_INT_CONVERSION = YES;
				CLANG_WARN_NON_LITERAL_NULL_CONVERSION = YES;
				CLANG_WARN_OBJC_IMPLICIT_RETAIN_SELF = YES;
				CLANG_WARN_OBJC_LITERAL_CONVERSION = YES;
				CLANG_WARN_OBJC_ROOT_CLASS = YES_ERROR;
				CLANG_WARN_RANGE_LOOP_ANALYSIS = YES;
				CLANG_WARN_STRICT_PROTOTYPES = YES;
				CLANG_WARN_SUSPICIOUS_MOVE = YES;
				CLANG_WARN_UNGUARDED_AVAILABILITY = YES_AGGRESSIVE;
				CLANG_WARN_UNREACHABLE_CODE = YES;
				CLANG_WARN__DUPLICATE_METHOD_MATCH = YES;
				CODE_SIGN_IDENTITY = "iPhone Developer";
				COPY_PHASE_STRIP = NO;
				DEBUG_INFORMATION_FORMAT = "dwarf-with-dsym";
				ENABLE_NS_ASSERTIONS = NO;
				ENABLE_STRICT_OBJC_MSGSEND = YES;
				GCC_C_LANGUAGE_STANDARD = gnu11;
				GCC_NO_COMMON_BLOCKS = YES;
				GCC_WARN_64_TO_32_BIT_CONVERSION = YES;
				GCC_WARN_ABOUT_RETURN_TYPE = YES_ERROR;
				GCC_WARN_UNDECLARED_SELECTOR = YES;
				GCC_WARN_UNINITIALIZED_AUTOS = YES_AGGRESSIVE;
				GCC_WARN_UNUSED_FUNCTION = YES;
				GCC_WARN_UNUSED_VARIABLE = YES;
				IPHONEOS_DEPLOYMENT_TARGET = 12.2;
				MTL_ENABLE_DEBUG_INFO = NO;
				MTL_FAST_MATH = YES;
				SDKROOT = iphoneos;
				SWIFT_COMPILATION_MODE = wholemodule;
				SWIFT_OPTIMIZATION_LEVEL = "-O";
				VALIDATE_PRODUCT = YES;
			};
			name = Release;
		};
		D1D4DC3E2289590F00D37EFE /* Debug */ = {
			isa = XCBuildConfiguration;
			buildSettings = {
				ASSETCATALOG_COMPILER_APPICON_NAME = AppIcon;
				CODE_SIGN_STYLE = Automatic;
				DEVELOPMENT_TEAM = KB9Y52LAWK;
				INFOPLIST_FILE = "$(SRCROOT)/OwlyWeather/Supporting Files/Info.plist";
				LD_RUNPATH_SEARCH_PATHS = (
					"$(inherited)",
					"@executable_path/Frameworks",
				);
				PRODUCT_BUNDLE_IDENTIFIER = com.korostenskyi.OwlyWeather;
				PRODUCT_NAME = "$(TARGET_NAME)";
				SWIFT_VERSION = 5.0;
				TARGETED_DEVICE_FAMILY = "1,2";
			};
			name = Debug;
		};
		D1D4DC3F2289590F00D37EFE /* Release */ = {
			isa = XCBuildConfiguration;
			buildSettings = {
				ASSETCATALOG_COMPILER_APPICON_NAME = AppIcon;
				CODE_SIGN_STYLE = Automatic;
				DEVELOPMENT_TEAM = KB9Y52LAWK;
				INFOPLIST_FILE = "$(SRCROOT)/OwlyWeather/Supporting Files/Info.plist";
				LD_RUNPATH_SEARCH_PATHS = (
					"$(inherited)",
					"@executable_path/Frameworks",
				);
				PRODUCT_BUNDLE_IDENTIFIER = com.korostenskyi.OwlyWeather;
				PRODUCT_NAME = "$(TARGET_NAME)";
				SWIFT_VERSION = 5.0;
				TARGETED_DEVICE_FAMILY = "1,2";
			};
			name = Release;
		};
/* End XCBuildConfiguration section */

/* Begin XCConfigurationList section */
		D1D4DC262289590E00D37EFE /* Build configuration list for PBXProject "OwlyWeather" */ = {
			isa = XCConfigurationList;
			buildConfigurations = (
				D1D4DC3B2289590F00D37EFE /* Debug */,
				D1D4DC3C2289590F00D37EFE /* Release */,
			);
			defaultConfigurationIsVisible = 0;
			defaultConfigurationName = Release;
		};
		D1D4DC3D2289590F00D37EFE /* Build configuration list for PBXNativeTarget "OwlyWeather" */ = {
			isa = XCConfigurationList;
			buildConfigurations = (
				D1D4DC3E2289590F00D37EFE /* Debug */,
				D1D4DC3F2289590F00D37EFE /* Release */,
			);
			defaultConfigurationIsVisible = 0;
			defaultConfigurationName = Release;
		};
/* End XCConfigurationList section */
	};
	rootObject = D1D4DC232289590E00D37EFE /* Project object */;
}
